
Microsoft Visual Studio Solution File, Format Version 12.00
# Visual Studio Version 16
VisualStudioVersion = 16.0.32002.261
MinimumVisualStudioVersion = 10.0.40219.1
Project("{FAE04EC0-301F-11D3-BF4B-00C04F79EFBC}") = "TCPServer", "TCPServer\TCPServer.csproj", "{297313FD-B8F7-4821-816E-5AB1FD2E864A}"
EndProject
Global
	GlobalSection(SolutionConfigurationPlatforms) = preSolution
		Debug|Any CPU = Debug|Any CPU
		Release|Any CPU = Release|Any CPU
	EndGlobalSection
	GlobalSection(ProjectConfigurationPlatforms) = postSolution
		{297313FD-B8F7-4821-816E-5AB1FD2E864A}.Debug|Any CPU.ActiveCfg = Debug|Any CPU
		{297313FD-B8F7-4821-816E-5AB1FD2E864A}.Debug|Any CPU.Build.0 = Debug|Any CPU
		{297313FD-B8F7-4821-816E-5AB1FD2E864A}.Release|Any CPU.ActiveCfg = Release|Any CPU
		{297313FD-B8F7-4821-816E-5AB1FD2E864A}.Release|Any CPU.Build.0 = Release|Any CPU
	EndGlobalSection
	GlobalSection(SolutionProperties) = preSolution
		HideSolutionNode = FALSE
	EndGlobalSection
	GlobalSection(ExtensibilityGlobals) = postSolution
		SolutionGuid = {E80D2365-C8C3-4FA6-A9BB-6887B3D2BA42}
	EndGlobalSection
EndGlobal
